# THIS IS AN AUTOGENERATED FILE. DO NOT EDIT THIS FILE DIRECTLY.
# yarn lockfile v1


ejs@0.7.1:
  version "0.7.1"
  resolved "https://registry.yarnpkg.com/ejs/-/ejs-0.7.1.tgz#6dab41cbdee572986db328a2a8d22040f20fba7c"

isotope@^1.0.0-alpha.3:
  version "1.0.0-alpha.3"
  resolved "https://registry.yarnpkg.com/isotope/-/isotope-1.0.0-alpha.3.tgz#6668aaf264e78c20cd02463eb5bd6794546bc4ac"

jquery@>=1.7.0, jquery@^3.2.1:
  version "3.2.1"
  resolved "https://registry.yarnpkg.com/jquery/-/jquery-3.2.1.tgz#5c4d9de652af6cd0a770154a631bba12b015c787"

lightgallery@^1.6.6:
  version "1.6.6"
  resolved "https://registry.yarnpkg.com/lightgallery/-/lightgallery-1.6.6.tgz#11196eca4b3763db08e73cd6b51e9df56edbd983"
  dependencies:
    jquery ">=1.7.0"

masonry@^0.0.2:
  version "0.0.2"
  resolved "https://registry.yarnpkg.com/masonry/-/masonry-0.0.2.tgz#c06a0b2efc043727eadd16b35fdae93a3908f432"
  dependencies:
    ejs "0.7.1"
